{
  "name": "@example/root",
  "version": "0.0.0",
  "lockfileVersion": 2,
  "requires": true,
  "packages": {
    "": {
      "name": "@example/root",
      "version": "0.0.0",
      "workspaces": [
        "packages/greet"
      ]
    },
    "node_modules/@example/greet": {
      "resolved": "packages/greet",
      "link": true
    },
    "packages/greet": {
      "name": "@example/greet",
      "version": "0.0.0",
      "license": "ISC",
      "devDependencies": {}
    }
  },
  "dependencies": {
    "@example/greet": {
      "version": "file:packages/greet"
    }
  }
}
